
Microsoft Visual Studio Solution File, Format Version 12.00
# Visual Studio Version 16
VisualStudioVersion = 16.0.31702.278
MinimumVisualStudioVersion = 10.0.40219.1
Project("{FAE04EC0-301F-11D3-BF4B-00C04F79EFBC}") = "blazorsignalR2.Server", "blazorsignalR2\Server\blazorsignalR2.Server.csproj", "{2F90F01A-8454-47F5-AB5E-19E440EA0692}"
EndProject
Project("{FAE04EC0-301F-11D3-BF4B-00C04F79EFBC}") = "blazorsignalR2.Client", "blazorsignalR2\Client\blazorsignalR2.Client.csproj", "{004E762B-45A0-4288-BEC8-C7313DFBF2A2}"
EndProject
Project("{FAE04EC0-301F-11D3-BF4B-00C04F79EFBC}") = "blazorsignalR2.Shared", "blazorsignalR2\Shared\blazorsignalR2.Shared.csproj", "{9FE81169-2312-4260-BE11-D6715213A1CC}"
EndProject
Global
	GlobalSection(SolutionConfigurationPlatforms) = preSolution
		Debug|Any CPU = Debug|Any CPU
		Release|Any CPU = Release|Any CPU
	EndGlobalSection
	GlobalSection(ProjectConfigurationPlatforms) = postSolution
		{2F90F01A-8454-47F5-AB5E-19E440EA0692}.Debug|Any CPU.ActiveCfg = Debug|Any CPU
		{2F90F01A-8454-47F5-AB5E-19E440EA0692}.Debug|Any CPU.Build.0 = Debug|Any CPU
		{2F90F01A-8454-47F5-AB5E-19E440EA0692}.Release|Any CPU.ActiveCfg = Release|Any CPU
		{2F90F01A-8454-47F5-AB5E-19E440EA0692}.Release|Any CPU.Build.0 = Release|Any CPU
		{004E762B-45A0-4288-BEC8-C7313DFBF2A2}.Debug|Any CPU.ActiveCfg = Debug|Any CPU
		{004E762B-45A0-4288-BEC8-C7313DFBF2A2}.Debug|Any CPU.Build.0 = Debug|Any CPU
		{004E762B-45A0-4288-BEC8-C7313DFBF2A2}.Release|Any CPU.ActiveCfg = Release|Any CPU
		{004E762B-45A0-4288-BEC8-C7313DFBF2A2}.Release|Any CPU.Build.0 = Release|Any CPU
		{9FE81169-2312-4260-BE11-D6715213A1CC}.Debug|Any CPU.ActiveCfg = Debug|Any CPU
		{9FE81169-2312-4260-BE11-D6715213A1CC}.Debug|Any CPU.Build.0 = Debug|Any CPU
		{9FE81169-2312-4260-BE11-D6715213A1CC}.Release|Any CPU.ActiveCfg = Release|Any CPU
		{9FE81169-2312-4260-BE11-D6715213A1CC}.Release|Any CPU.Build.0 = Release|Any CPU
	EndGlobalSection
	GlobalSection(SolutionProperties) = preSolution
		HideSolutionNode = FALSE
	EndGlobalSection
	GlobalSection(ExtensibilityGlobals) = postSolution
		SolutionGuid = {4BBD5403-6CF8-4D7A-9DC2-E893A499EF16}
	EndGlobalSection
EndGlobal
